PODS:
  - FWSwiftBridge (1.0.0):
    - FWSwiftBridge/AlipaySDK-iOS (= 1.0.0)
    - FWSwiftBridge/FWSwiftBridge (= 1.0.0)
    - FWSwiftBridge/WechatOpenSDK (= 1.0.0)
  - FWSwiftBridge/AlipaySDK-iOS (1.0.0)
  - FWSwiftBridge/FWSwiftBridge (1.0.0)
  - FWSwiftBridge/WechatOpenSDK (1.0.0)

DEPENDENCIES:
  - FWSwiftBridge (from `../`)

EXTERNAL SOURCES:
  FWSwiftBridge:
    :path: "../"

SPEC CHECKSUMS:
  FWSwiftBridge: e67ef2057df6f9e2ac63c814f6efb136d18d9068

PODFILE CHECKSUM: e7ef4a55af77ffd1ccc9365696147e02c10c7fe5

COCOAPODS: 1.9.3
