PODS:
  - FWSwiftBridge (1.0.0):
    - FWSwiftBridge/WechatOpenSDK (= 1.0.0)
  - FWSwiftBridge/WechatOpenSDK (1.0.0)

DEPENDENCIES:
  - FWSwiftBridge (from `../`)

EXTERNAL SOURCES:
  FWSwiftBridge:
    :path: "../"

SPEC CHECKSUMS:
  FWSwiftBridge: c833ec2c302b9d3d41d70c9bd60483b15c41f5d1

PODFILE CHECKSUM: e7ef4a55af77ffd1ccc9365696147e02c10c7fe5

COCOAPODS: 1.9.3
