PODS:
  - FWSwiftBridge (1.0.0):
    - FWSwiftBridge/AlipaySDK-iOS (= 1.0.0)
    - FWSwiftBridge/WechatOpenSDK (= 1.0.0)
  - FWSwiftBridge/AlipaySDK-iOS (1.0.0)
  - FWSwiftBridge/WechatOpenSDK (1.0.0)
  - UPPaymentControl (3.3.14)

DEPENDENCIES:
  - FWSwiftBridge (from `../`)
  - UPPaymentControl (from `LocalPods/`)

EXTERNAL SOURCES:
  FWSwiftBridge:
    :path: "../"
  UPPaymentControl:
    :path: LocalPods/

SPEC CHECKSUMS:
  FWSwiftBridge: c08cb49e6031d723601fad3045dbc234bc237ae6
  UPPaymentControl: d83c8fabc0f3de40d806a54f5e26514fd08c843d

PODFILE CHECKSUM: 81f0ce7fd8993afbc16132f76ee81fe43fef16bd

COCOAPODS: 1.10.0
