// !$*UTF8*$!
{
	archiveVersion = 1;
	classes = {
	};
	objectVersion = 51;
	objects = {

/* Begin PBXBuildFile section */
		2F15E99924DD55B000221847 /* AppDelegate.swift in Sources */ = {isa = PBXBuildFile; fileRef = 2F15E99824DD55B000221847 /* AppDelegate.swift */; };
		2F15E99B24DD55B000221847 /* SceneDelegate.swift in Sources */ = {isa = PBXBuildFile; fileRef = 2F15E99A24DD55B000221847 /* SceneDelegate.swift */; };
		2F15E99D24DD55B000221847 /* ViewController.swift in Sources */ = {isa = PBXBuildFile; fileRef = 2F15E99C24DD55B000221847 /* ViewController.swift */; };
		2F15E9A024DD55B000221847 /* Main.storyboard in Resources */ = {isa = PBXBuildFile; fileRef = 2F15E99E24DD55B000221847 /* Main.storyboard */; };
		2F15E9A224DD55B200221847 /* Assets.xcassets in Resources */ = {isa = PBXBuildFile; fileRef = 2F15E9A124DD55B200221847 /* Assets.xcassets */; };
		2F15E9A524DD55B200221847 /* LaunchScreen.storyboard in Resources */ = {isa = PBXBuildFile; fileRef = 2F15E9A324DD55B200221847 /* LaunchScreen.storyboard */; };
		2F15E9AF24E0E50000221847 /* ObjcController.m in Sources */ = {isa = PBXBuildFile; fileRef = 2F15E9AE24E0E50000221847 /* ObjcController.m */; };
		72EA795D144172202737DC33 /* Pods_FWSwiftBridgeDemo.framework in Frameworks */ = {isa = PBXBuildFile; fileRef = 2C1781EAB1F734E5CD6AB310 /* Pods_FWSwiftBridgeDemo.framework */; };
/* End PBXBuildFile section */

/* Begin PBXFileReference section */
		2C1781EAB1F734E5CD6AB310 /* Pods_FWSwiftBridgeDemo.framework */ = {isa = PBXFileReference; explicitFileType = wrapper.framework; includeInIndex = 0; path = Pods_FWSwiftBridgeDemo.framework; sourceTree = BUILT_PRODUCTS_DIR; };
		2F15E99524DD55B000221847 /* FWSwiftBridgeDemo.app */ = {isa = PBXFileReference; explicitFileType = wrapper.application; includeInIndex = 0; path = FWSwiftBridgeDemo.app; sourceTree = BUILT_PRODUCTS_DIR; };
		2F15E99824DD55B000221847 /* AppDelegate.swift */ = {isa = PBXFileReference; lastKnownFileType = sourcecode.swift; path = AppDelegate.swift; sourceTree = "<group>"; };
		2F15E99A24DD55B000221847 /* SceneDelegate.swift */ = {isa = PBXFileReference; lastKnownFileType = sourcecode.swift; path = SceneDelegate.swift; sourceTree = "<group>"; };
		2F15E99C24DD55B000221847 /* ViewController.swift */ = {isa = PBXFileReference; lastKnownFileType = sourcecode.swift; path = ViewController.swift; sourceTree = "<group>"; };
		2F15E99F24DD55B000221847 /* Base */ = {isa = PBXFileReference; lastKnownFileType = file.storyboard; name = Base; path = Base.lproj/Main.storyboard; sourceTree = "<group>"; };
		2F15E9A124DD55B200221847 /* Assets.xcassets */ = {isa = PBXFileReference; lastKnownFileType = folder.assetcatalog; path = Assets.xcassets; sourceTree = "<group>"; };
		2F15E9A424DD55B200221847 /* Base */ = {isa = PBXFileReference; lastKnownFileType = file.storyboard; name = Base; path = Base.lproj/LaunchScreen.storyboard; sourceTree = "<group>"; };
		2F15E9A624DD55B200221847 /* Info.plist */ = {isa = PBXFileReference; lastKnownFileType = text.plist.xml; path = Info.plist; sourceTree = "<group>"; };
		2F15E9AC24E0E4FF00221847 /* BridgingHeader.h */ = {isa = PBXFileReference; lastKnownFileType = sourcecode.c.h; path = BridgingHeader.h; sourceTree = "<group>"; };
		2F15E9AD24E0E50000221847 /* ObjcController.h */ = {isa = PBXFileReference; lastKnownFileType = sourcecode.c.h; path = ObjcController.h; sourceTree = "<group>"; };
		2F15E9AE24E0E50000221847 /* ObjcController.m */ = {isa = PBXFileReference; lastKnownFileType = sourcecode.c.objc; path = ObjcController.m; sourceTree = "<group>"; };
		2FCB90C324E11ACD00D049F0 /* SwiftHeader.h */ = {isa = PBXFileReference; lastKnownFileType = sourcecode.c.h; path = SwiftHeader.h; sourceTree = "<group>"; };
		75C544E1B3E6DF2171792DFC /* Pods-FWSwiftBridgeDemo.release.xcconfig */ = {isa = PBXFileReference; includeInIndex = 1; lastKnownFileType = text.xcconfig; name = "Pods-FWSwiftBridgeDemo.release.xcconfig"; path = "Target Support Files/Pods-FWSwiftBridgeDemo/Pods-FWSwiftBridgeDemo.release.xcconfig"; sourceTree = "<group>"; };
		A00C0961676130DA7329DE32 /* Pods-FWSwiftBridgeDemo.debug.xcconfig */ = {isa = PBXFileReference; includeInIndex = 1; lastKnownFileType = text.xcconfig; name = "Pods-FWSwiftBridgeDemo.debug.xcconfig"; path = "Target Support Files/Pods-FWSwiftBridgeDemo/Pods-FWSwiftBridgeDemo.debug.xcconfig"; sourceTree = "<group>"; };
/* End PBXFileReference section */

/* Begin PBXFrameworksBuildPhase section */
		2F15E99224DD55B000221847 /* Frameworks */ = {
			isa = PBXFrameworksBuildPhase;
			buildActionMask = 2147483647;
			files = (
				72EA795D144172202737DC33 /* Pods_FWSwiftBridgeDemo.framework in Frameworks */,
			);
			runOnlyForDeploymentPostprocessing = 0;
		};
/* End PBXFrameworksBuildPhase section */

/* Begin PBXGroup section */
		2F15E98C24DD55B000221847 = {
			isa = PBXGroup;
			children = (
				2F15E99724DD55B000221847 /* FWSwiftBridgeDemo */,
				2F15E99624DD55B000221847 /* Products */,
				71351C0E7D0655EE7640BAF6 /* Pods */,
				CD673CA2573047564F865B6E /* Frameworks */,
			);
			sourceTree = "<group>";
		};
		2F15E99624DD55B000221847 /* Products */ = {
			isa = PBXGroup;
			children = (
				2F15E99524DD55B000221847 /* FWSwiftBridgeDemo.app */,
			);
			name = Products;
			sourceTree = "<group>";
		};
		2F15E99724DD55B000221847 /* FWSwiftBridgeDemo */ = {
			isa = PBXGroup;
			children = (
				2F15E99824DD55B000221847 /* AppDelegate.swift */,
				2F15E99A24DD55B000221847 /* SceneDelegate.swift */,
				2F15E99C24DD55B000221847 /* ViewController.swift */,
				2F15E9AD24E0E50000221847 /* ObjcController.h */,
				2F15E9AE24E0E50000221847 /* ObjcController.m */,
				2F15E99E24DD55B000221847 /* Main.storyboard */,
				2F15E9A124DD55B200221847 /* Assets.xcassets */,
				2F15E9A324DD55B200221847 /* LaunchScreen.storyboard */,
				2F15E9AC24E0E4FF00221847 /* BridgingHeader.h */,
				2FCB90C324E11ACD00D049F0 /* SwiftHeader.h */,
				2F15E9A624DD55B200221847 /* Info.plist */,
			);
			path = FWSwiftBridgeDemo;
			sourceTree = "<group>";
		};
		71351C0E7D0655EE7640BAF6 /* Pods */ = {
			isa = PBXGroup;
			children = (
				A00C0961676130DA7329DE32 /* Pods-FWSwiftBridgeDemo.debug.xcconfig */,
				75C544E1B3E6DF2171792DFC /* Pods-FWSwiftBridgeDemo.release.xcconfig */,
			);
			path = Pods;
			sourceTree = "<group>";
		};
		CD673CA2573047564F865B6E /* Frameworks */ = {
			isa = PBXGroup;
			children = (
				2C1781EAB1F734E5CD6AB310 /* Pods_FWSwiftBridgeDemo.framework */,
			);
			name = Frameworks;
			sourceTree = "<group>";
		};
/* End PBXGroup section */

/* Begin PBXNativeTarget section */
		2F15E99424DD55B000221847 /* FWSwiftBridgeDemo */ = {
			isa = PBXNativeTarget;
			buildConfigurationList = 2F15E9A924DD55B200221847 /* Build configuration list for PBXNativeTarget "FWSwiftBridgeDemo" */;
			buildPhases = (
				38D7B1567EBBF55FA65DA354 /* [CP] Check Pods Manifest.lock */,
				2F15E99124DD55B000221847 /* Sources */,
				2F15E99224DD55B000221847 /* Frameworks */,
				2F15E99324DD55B000221847 /* Resources */,
				CA2793CE9601655F6125E355 /* [CP] Embed Pods Frameworks */,
			);
			buildRules = (
			);
			dependencies = (
			);
			name = FWSwiftBridgeDemo;
			productName = FWSwiftBridgeDemo;
			productReference = 2F15E99524DD55B000221847 /* FWSwiftBridgeDemo.app */;
			productType = "com.apple.product-type.application";
		};
/* End PBXNativeTarget section */

/* Begin PBXProject section */
		2F15E98D24DD55B000221847 /* Project object */ = {
			isa = PBXProject;
			attributes = {
				LastSwiftUpdateCheck = 1150;
				LastUpgradeCheck = 1150;
				ORGANIZATIONNAME = site.wuyong;
				TargetAttributes = {
					2F15E99424DD55B000221847 = {
						CreatedOnToolsVersion = 11.5;
						LastSwiftMigration = 1150;
					};
				};
			};
			buildConfigurationList = 2F15E99024DD55B000221847 /* Build configuration list for PBXProject "FWSwiftBridgeDemo" */;
			compatibilityVersion = "Xcode 9.3";
			developmentRegion = en;
			hasScannedForEncodings = 0;
			knownRegions = (
				en,
				Base,
			);
			mainGroup = 2F15E98C24DD55B000221847;
			productRefGroup = 2F15E99624DD55B000221847 /* Products */;
			projectDirPath = "";
			projectRoot = "";
			targets = (
				2F15E99424DD55B000221847 /* FWSwiftBridgeDemo */,
			);
		};
/* End PBXProject section */

/* Begin PBXResourcesBuildPhase section */
		2F15E99324DD55B000221847 /* Resources */ = {
			isa = PBXResourcesBuildPhase;
			buildActionMask = 2147483647;
			files = (
				2F15E9A524DD55B200221847 /* LaunchScreen.storyboard in Resources */,
				2F15E9A224DD55B200221847 /* Assets.xcassets in Resources */,
				2F15E9A024DD55B000221847 /* Main.storyboard in Resources */,
			);
			runOnlyForDeploymentPostprocessing = 0;
		};
/* End PBXResourcesBuildPhase section */

/* Begin PBXShellScriptBuildPhase section */
		38D7B1567EBBF55FA65DA354 /* [CP] Check Pods Manifest.lock */ = {
			isa = PBXShellScriptBuildPhase;
			buildActionMask = 2147483647;
			files = (
			);
			inputFileListPaths = (
			);
			inputPaths = (
				"${PODS_PODFILE_DIR_PATH}/Podfile.lock",
				"${PODS_ROOT}/Manifest.lock",
			);
			name = "[CP] Check Pods Manifest.lock";
			outputFileListPaths = (
			);
			outputPaths = (
				"$(DERIVED_FILE_DIR)/Pods-FWSwiftBridgeDemo-checkManifestLockResult.txt",
			);
			runOnlyForDeploymentPostprocessing = 0;
			shellPath = /bin/sh;
			shellScript = "diff \"${PODS_PODFILE_DIR_PATH}/Podfile.lock\" \"${PODS_ROOT}/Manifest.lock\" > /dev/null\nif [ $? != 0 ] ; then\n    # print error to STDERR\n    echo \"error: The sandbox is not in sync with the Podfile.lock. Run 'pod install' or update your CocoaPods installation.\" >&2\n    exit 1\nfi\n# This output is used by Xcode 'outputs' to avoid re-running this script phase.\necho \"SUCCESS\" > \"${SCRIPT_OUTPUT_FILE_0}\"\n";
			showEnvVarsInLog = 0;
		};
		CA2793CE9601655F6125E355 /* [CP] Embed Pods Frameworks */ = {
			isa = PBXShellScriptBuildPhase;
			buildActionMask = 2147483647;
			files = (
			);
			inputFileListPaths = (
				"${PODS_ROOT}/Target Support Files/Pods-FWSwiftBridgeDemo/Pods-FWSwiftBridgeDemo-frameworks-${CONFIGURATION}-input-files.xcfilelist",
			);
			name = "[CP] Embed Pods Frameworks";
			outputFileListPaths = (
				"${PODS_ROOT}/Target Support Files/Pods-FWSwiftBridgeDemo/Pods-FWSwiftBridgeDemo-frameworks-${CONFIGURATION}-output-files.xcfilelist",
			);
			runOnlyForDeploymentPostprocessing = 0;
			shellPath = /bin/sh;
			shellScript = "\"${PODS_ROOT}/Target Support Files/Pods-FWSwiftBridgeDemo/Pods-FWSwiftBridgeDemo-frameworks.sh\"\n";
			showEnvVarsInLog = 0;
		};
/* End PBXShellScriptBuildPhase section */

/* Begin PBXSourcesBuildPhase section */
		2F15E99124DD55B000221847 /* Sources */ = {
			isa = PBXSourcesBuildPhase;
			buildActionMask = 2147483647;
			files = (
				2F15E99D24DD55B000221847 /* ViewController.swift in Sources */,
				2F15E9AF24E0E50000221847 /* ObjcController.m in Sources */,
				2F15E99924DD55B000221847 /* AppDelegate.swift in Sources */,
				2F15E99B24DD55B000221847 /* SceneDelegate.swift in Sources */,
			);
			runOnlyForDeploymentPostprocessing = 0;
		};
/* End PBXSourcesBuildPhase section */

/* Begin PBXVariantGroup section */
		2F15E99E24DD55B000221847 /* Main.storyboard */ = {
			isa = PBXVariantGroup;
			children = (
				2F15E99F24DD55B000221847 /* Base */,
			);
			name = Main.storyboard;
			sourceTree = "<group>";
		};
		2F15E9A324DD55B200221847 /* LaunchScreen.storyboard */ = {
			isa = PBXVariantGroup;
			children = (
				2F15E9A424DD55B200221847 /* Base */,
			);
			name = LaunchScreen.storyboard;
			sourceTree = "<group>";
		};
/* End PBXVariantGroup section */

/* Begin XCBuildConfiguration section */
		2F15E9A724DD55B200221847 /* Debug */ = {
			isa = XCBuildConfiguration;
			buildSettings = {
				ALWAYS_SEARCH_USER_PATHS = NO;
				CLANG_ANALYZER_NONNULL = YES;
				CLANG_ANALYZER_NUMBER_OBJECT_CONVERSION = YES_AGGRESSIVE;
				CLANG_CXX_LANGUAGE_STANDARD = "gnu++14";
				CLANG_CXX_LIBRARY = "libc++";
				CLANG_ENABLE_MODULES = YES;
				CLANG_ENABLE_OBJC_ARC = YES;
				CLANG_ENABLE_OBJC_WEAK = YES;
				CLANG_WARN_BLOCK_CAPTURE_AUTORELEASING = YES;
				CLANG_WARN_BOOL_CONVERSION = YES;
				CLANG_WARN_COMMA = YES;
				CLANG_WARN_CONSTANT_CONVERSION = YES;
				CLANG_WARN_DEPRECATED_OBJC_IMPLEMENTATIONS = YES;
				CLANG_WARN_DIRECT_OBJC_ISA_USAGE = YES_ERROR;
				CLANG_WARN_DOCUMENTATION_COMMENTS = YES;
				CLANG_WARN_EMPTY_BODY = YES;
				CLANG_WARN_ENUM_CONVERSION = YES;
				CLANG_WARN_INFINITE_RECURSION = YES;
				CLANG_WARN_INT_CONVERSION = YES;
				CLANG_WARN_NON_LITERAL_NULL_CONVERSION = YES;
				CLANG_WARN_OBJC_IMPLICIT_RETAIN_SELF = YES;
				CLANG_WARN_OBJC_LITERAL_CONVERSION = YES;
				CLANG_WARN_OBJC_ROOT_CLASS = YES_ERROR;
				CLANG_WARN_RANGE_LOOP_ANALYSIS = YES;
				CLANG_WARN_STRICT_PROTOTYPES = YES;
				CLANG_WARN_SUSPICIOUS_MOVE = YES;
				CLANG_WARN_UNGUARDED_AVAILABILITY = YES_AGGRESSIVE;
				CLANG_WARN_UNREACHABLE_CODE = YES;
				CLANG_WARN__DUPLICATE_METHOD_MATCH = YES;
				COPY_PHASE_STRIP = NO;
				DEBUG_INFORMATION_FORMAT = dwarf;
				ENABLE_STRICT_OBJC_MSGSEND = YES;
				ENABLE_TESTABILITY = YES;
				GCC_C_LANGUAGE_STANDARD = gnu11;
				GCC_DYNAMIC_NO_PIC = NO;
				GCC_NO_COMMON_BLOCKS = YES;
				GCC_OPTIMIZATION_LEVEL = 0;
				GCC_PREPROCESSOR_DEFINITIONS = (
					"DEBUG=1",
					"$(inherited)",
				);
				GCC_WARN_64_TO_32_BIT_CONVERSION = YES;
				GCC_WARN_ABOUT_RETURN_TYPE = YES_ERROR;
				GCC_WARN_UNDECLARED_SELECTOR = YES;
				GCC_WARN_UNINITIALIZED_AUTOS = YES_AGGRESSIVE;
				GCC_WARN_UNUSED_FUNCTION = YES;
				GCC_WARN_UNUSED_VARIABLE = YES;
				IPHONEOS_DEPLOYMENT_TARGET = 13.0;
				MTL_ENABLE_DEBUG_INFO = INCLUDE_SOURCE;
				MTL_FAST_MATH = YES;
				ONLY_ACTIVE_ARCH = YES;
				SDKROOT = iphoneos;
				SWIFT_ACTIVE_COMPILATION_CONDITIONS = DEBUG;
				SWIFT_OPTIMIZATION_LEVEL = "-Onone";
			};
			name = Debug;
		};
		2F15E9A824DD55B200221847 /* Release */ = {
			isa = XCBuildConfiguration;
			buildSettings = {
				ALWAYS_SEARCH_USER_PATHS = NO;
				CLANG_ANALYZER_NONNULL = YES;
				CLANG_ANALYZER_NUMBER_OBJECT_CONVERSION = YES_AGGRESSIVE;
				CLANG_CXX_LANGUAGE_STANDARD = "gnu++14";
				CLANG_CXX_LIBRARY = "libc++";
				CLANG_ENABLE_MODULES = YES;
				CLANG_ENABLE_OBJC_ARC = YES;
				CLANG_ENABLE_OBJC_WEAK = YES;
				CLANG_WARN_BLOCK_CAPTURE_AUTORELEASING = YES;
				CLANG_WARN_BOOL_CONVERSION = YES;
				CLANG_WARN_COMMA = YES;
				CLANG_WARN_CONSTANT_CONVERSION = YES;
				CLANG_WARN_DEPRECATED_OBJC_IMPLEMENTATIONS = YES;
				CLANG_WARN_DIRECT_OBJC_ISA_USAGE = YES_ERROR;
				CLANG_WARN_DOCUMENTATION_COMMENTS = YES;
				CLANG_WARN_EMPTY_BODY = YES;
				CLANG_WARN_ENUM_CONVERSION = YES;
				CLANG_WARN_INFINITE_RECURSION = YES;
				CLANG_WARN_INT_CONVERSION = YES;
				CLANG_WARN_NON_LITERAL_NULL_CONVERSION = YES;
				CLANG_WARN_OBJC_IMPLICIT_RETAIN_SELF = YES;
				CLANG_WARN_OBJC_LITERAL_CONVERSION = YES;
				CLANG_WARN_OBJC_ROOT_CLASS = YES_ERROR;
				CLANG_WARN_RANGE_LOOP_ANALYSIS = YES;
				CLANG_WARN_STRICT_PROTOTYPES = YES;
				CLANG_WARN_SUSPICIOUS_MOVE = YES;
				CLANG_WARN_UNGUARDED_AVAILABILITY = YES_AGGRESSIVE;
				CLANG_WARN_UNREACHABLE_CODE = YES;
				CLANG_WARN__DUPLICATE_METHOD_MATCH = YES;
				COPY_PHASE_STRIP = NO;
				DEBUG_INFORMATION_FORMAT = "dwarf-with-dsym";
				ENABLE_NS_ASSERTIONS = NO;
				ENABLE_STRICT_OBJC_MSGSEND = YES;
				GCC_C_LANGUAGE_STANDARD = gnu11;
				GCC_NO_COMMON_BLOCKS = YES;
				GCC_WARN_64_TO_32_BIT_CONVERSION = YES;
				GCC_WARN_ABOUT_RETURN_TYPE = YES_ERROR;
				GCC_WARN_UNDECLARED_SELECTOR = YES;
				GCC_WARN_UNINITIALIZED_AUTOS = YES_AGGRESSIVE;
				GCC_WARN_UNUSED_FUNCTION = YES;
				GCC_WARN_UNUSED_VARIABLE = YES;
				IPHONEOS_DEPLOYMENT_TARGET = 13.0;
				MTL_ENABLE_DEBUG_INFO = NO;
				MTL_FAST_MATH = YES;
				SDKROOT = iphoneos;
				SWIFT_COMPILATION_MODE = wholemodule;
				SWIFT_OPTIMIZATION_LEVEL = "-O";
				VALIDATE_PRODUCT = YES;
			};
			name = Release;
		};
		2F15E9AA24DD55B200221847 /* Debug */ = {
			isa = XCBuildConfiguration;
			baseConfigurationReference = A00C0961676130DA7329DE32 /* Pods-FWSwiftBridgeDemo.debug.xcconfig */;
			buildSettings = {
				ASSETCATALOG_COMPILER_APPICON_NAME = AppIcon;
				CLANG_ENABLE_MODULES = YES;
				CODE_SIGN_STYLE = Automatic;
				INFOPLIST_FILE = FWSwiftBridgeDemo/Info.plist;
				LD_RUNPATH_SEARCH_PATHS = (
					"$(inherited)",
					"@executable_path/Frameworks",
				);
				PRODUCT_BUNDLE_IDENTIFIER = site.wuyong.FWSwiftBridgeDemo;
				PRODUCT_NAME = "$(TARGET_NAME)";
				SWIFT_OBJC_BRIDGING_HEADER = FWSwiftBridgeDemo/BridgingHeader.h;
				SWIFT_OPTIMIZATION_LEVEL = "-Onone";
				SWIFT_VERSION = 5.0;
				TARGETED_DEVICE_FAMILY = "1,2";
			};
			name = Debug;
		};
		2F15E9AB24DD55B200221847 /* Release */ = {
			isa = XCBuildConfiguration;
			baseConfigurationReference = 75C544E1B3E6DF2171792DFC /* Pods-FWSwiftBridgeDemo.release.xcconfig */;
			buildSettings = {
				ASSETCATALOG_COMPILER_APPICON_NAME = AppIcon;
				CLANG_ENABLE_MODULES = YES;
				CODE_SIGN_STYLE = Automatic;
				INFOPLIST_FILE = FWSwiftBridgeDemo/Info.plist;
				LD_RUNPATH_SEARCH_PATHS = (
					"$(inherited)",
					"@executable_path/Frameworks",
				);
				PRODUCT_BUNDLE_IDENTIFIER = site.wuyong.FWSwiftBridgeDemo;
				PRODUCT_NAME = "$(TARGET_NAME)";
				SWIFT_OBJC_BRIDGING_HEADER = FWSwiftBridgeDemo/BridgingHeader.h;
				SWIFT_VERSION = 5.0;
				TARGETED_DEVICE_FAMILY = "1,2";
			};
			name = Release;
		};
/* End XCBuildConfiguration section */

/* Begin XCConfigurationList section */
		2F15E99024DD55B000221847 /* Build configuration list for PBXProject "FWSwiftBridgeDemo" */ = {
			isa = XCConfigurationList;
			buildConfigurations = (
				2F15E9A724DD55B200221847 /* Debug */,
				2F15E9A824DD55B200221847 /* Release */,
			);
			defaultConfigurationIsVisible = 0;
			defaultConfigurationName = Release;
		};
		2F15E9A924DD55B200221847 /* Build configuration list for PBXNativeTarget "FWSwiftBridgeDemo" */ = {
			isa = XCConfigurationList;
			buildConfigurations = (
				2F15E9AA24DD55B200221847 /* Debug */,
				2F15E9AB24DD55B200221847 /* Release */,
			);
			defaultConfigurationIsVisible = 0;
			defaultConfigurationName = Release;
		};
/* End XCConfigurationList section */
	};
	rootObject = 2F15E98D24DD55B000221847 /* Project object */;
}
